
Microsoft Visual Studio Solution File, Format Version 12.00
# Visual Studio Version 17
VisualStudioVersion = 17.6.33815.320
MinimumVisualStudioVersion = 10.0.40219.1
Project("{FAE04EC0-301F-11D3-BF4B-00C04F79EFBC}") = "Phase3Section2.18", "Phase3Section2.18\Phase3Section2.18.csproj", "{B391DA04-FA20-4224-BEAE-D402A6750535}"
EndProject
Global
	GlobalSection(SolutionConfigurationPlatforms) = preSolution
		Debug|Any CPU = Debug|Any CPU
		Release|Any CPU = Release|Any CPU
	EndGlobalSection
	GlobalSection(ProjectConfigurationPlatforms) = postSolution
		{B391DA04-FA20-4224-BEAE-D402A6750535}.Debug|Any CPU.ActiveCfg = Debug|Any CPU
		{B391DA04-FA20-4224-BEAE-D402A6750535}.Debug|Any CPU.Build.0 = Debug|Any CPU
		{B391DA04-FA20-4224-BEAE-D402A6750535}.Release|Any CPU.ActiveCfg = Release|Any CPU
		{B391DA04-FA20-4224-BEAE-D402A6750535}.Release|Any CPU.Build.0 = Release|Any CPU
	EndGlobalSection
	GlobalSection(SolutionProperties) = preSolution
		HideSolutionNode = FALSE
	EndGlobalSection
	GlobalSection(ExtensibilityGlobals) = postSolution
		SolutionGuid = {0089A630-8F6E-4497-9DE2-E06C1156B4FA}
	EndGlobalSection
EndGlobal
